
Microsoft Visual Studio Solution File, Format Version 12.00
# Visual Studio Version 17
VisualStudioVersion = 17.1.32328.378
MinimumVisualStudioVersion = 10.0.40219.1
Project("{9A19103F-16F7-4668-BE54-9A1E7A4F7556}") = "Application", "Application\Application.csproj", "{AB35D737-AEBB-4B61-9AE3-EB5CF35930FB}"
EndProject
Project("{9A19103F-16F7-4668-BE54-9A1E7A4F7556}") = "Domain", "Domain\Domain.csproj", "{929C4E43-A484-4D15-BA5F-50107C5ECA50}"
EndProject
Project("{9A19103F-16F7-4668-BE54-9A1E7A4F7556}") = "Infrastructure", "Infrastracter\Infrastructure.csproj", "{817814BE-D796-45A6-9E30-0CE90E9DB015}"
EndProject
Project("{9A19103F-16F7-4668-BE54-9A1E7A4F7556}") = "WebApi", "WebApi\WebApi.csproj", "{03E28BB7-97E5-4ACE-B468-65BA71B031A3}"
EndProject
Global
	GlobalSection(SolutionConfigurationPlatforms) = preSolution
		Debug|Any CPU = Debug|Any CPU
		Release|Any CPU = Release|Any CPU
	EndGlobalSection
	GlobalSection(ProjectConfigurationPlatforms) = postSolution
		{AB35D737-AEBB-4B61-9AE3-EB5CF35930FB}.Debug|Any CPU.ActiveCfg = Debug|Any CPU
		{AB35D737-AEBB-4B61-9AE3-EB5CF35930FB}.Debug|Any CPU.Build.0 = Debug|Any CPU
		{AB35D737-AEBB-4B61-9AE3-EB5CF35930FB}.Release|Any CPU.ActiveCfg = Release|Any CPU
		{AB35D737-AEBB-4B61-9AE3-EB5CF35930FB}.Release|Any CPU.Build.0 = Release|Any CPU
		{929C4E43-A484-4D15-BA5F-50107C5ECA50}.Debug|Any CPU.ActiveCfg = Debug|Any CPU
		{929C4E43-A484-4D15-BA5F-50107C5ECA50}.Debug|Any CPU.Build.0 = Debug|Any CPU
		{929C4E43-A484-4D15-BA5F-50107C5ECA50}.Release|Any CPU.ActiveCfg = Release|Any CPU
		{929C4E43-A484-4D15-BA5F-50107C5ECA50}.Release|Any CPU.Build.0 = Release|Any CPU
		{817814BE-D796-45A6-9E30-0CE90E9DB015}.Debug|Any CPU.ActiveCfg = Debug|Any CPU
		{817814BE-D796-45A6-9E30-0CE90E9DB015}.Debug|Any CPU.Build.0 = Debug|Any CPU
		{817814BE-D796-45A6-9E30-0CE90E9DB015}.Release|Any CPU.ActiveCfg = Release|Any CPU
		{817814BE-D796-45A6-9E30-0CE90E9DB015}.Release|Any CPU.Build.0 = Release|Any CPU
		{03E28BB7-97E5-4ACE-B468-65BA71B031A3}.Debug|Any CPU.ActiveCfg = Debug|Any CPU
		{03E28BB7-97E5-4ACE-B468-65BA71B031A3}.Debug|Any CPU.Build.0 = Debug|Any CPU
		{03E28BB7-97E5-4ACE-B468-65BA71B031A3}.Release|Any CPU.ActiveCfg = Release|Any CPU
		{03E28BB7-97E5-4ACE-B468-65BA71B031A3}.Release|Any CPU.Build.0 = Release|Any CPU
	EndGlobalSection
	GlobalSection(SolutionProperties) = preSolution
		HideSolutionNode = FALSE
	EndGlobalSection
	GlobalSection(ExtensibilityGlobals) = postSolution
		SolutionGuid = {E7DD45B1-4009-4B08-9D3E-901085499B2B}
	EndGlobalSection
EndGlobal
